// !$*UTF8*$!
{
	archiveVersion = 1;
	classes = {
	};
	objectVersion = 50;
	objects = {

/* Begin PBXBuildFile section */
		041302F82A3B973A245187B9 /* Pods_SplitBUITests.framework in Frameworks */ = {isa = PBXBuildFile; fileRef = E4954A5A846C81C6EF75F1DC /* Pods_SplitBUITests.framework */; };
		22071C572181A70D00A184E3 /* Module.swift in Sources */ = {isa = PBXBuildFile; fileRef = 22071C562181A70D00A184E3 /* Module.swift */; };
		22071C592181A71A00A184E3 /* Book.swift in Sources */ = {isa = PBXBuildFile; fileRef = 22071C582181A71A00A184E3 /* Book.swift */; };
		22071C5B2181A72400A184E3 /* Chapter.swift in Sources */ = {isa = PBXBuildFile; fileRef = 22071C5A2181A72400A184E3 /* Chapter.swift */; };
		22071C5D2181A72D00A184E3 /* Verse.swift in Sources */ = {isa = PBXBuildFile; fileRef = 22071C5C2181A72D00A184E3 /* Verse.swift */; };
		22071C5F2181AF2100A184E3 /* Manager.swift in Sources */ = {isa = PBXBuildFile; fileRef = 22071C5E2181AF2100A184E3 /* Manager.swift */; };
		22071C612181B8D900A184E3 /* DownloadManager.swift in Sources */ = {isa = PBXBuildFile; fileRef = 22071C602181B8D900A184E3 /* DownloadManager.swift */; };
		22071C772181E4CE00A184E3 /* ContainerViewController.swift in Sources */ = {isa = PBXBuildFile; fileRef = 22071C722181E4CE00A184E3 /* ContainerViewController.swift */; };
		22071C782181E4CE00A184E3 /* SidePanelViewController.swift in Sources */ = {isa = PBXBuildFile; fileRef = 22071C732181E4CE00A184E3 /* SidePanelViewController.swift */; };
		22071C792181E4CE00A184E3 /* CenterViewController.swift in Sources */ = {isa = PBXBuildFile; fileRef = 22071C742181E4CE00A184E3 /* CenterViewController.swift */; };
		22071C7A2181E4CE00A184E3 /* CenterViewControllerDelegate.swift in Sources */ = {isa = PBXBuildFile; fileRef = 22071C752181E4CE00A184E3 /* CenterViewControllerDelegate.swift */; };
		22071C7B2181E4CE00A184E3 /* SidePanelViewControllerDelegate.swift in Sources */ = {isa = PBXBuildFile; fileRef = 22071C762181E4CE00A184E3 /* SidePanelViewControllerDelegate.swift */; };
		22071C802181E75700A184E3 /* LeftSelectionViewController.swift in Sources */ = {isa = PBXBuildFile; fileRef = 22071C7C2181E75500A184E3 /* LeftSelectionViewController.swift */; };
		22071C812181E75700A184E3 /* TextManager.swift in Sources */ = {isa = PBXBuildFile; fileRef = 22071C7D2181E75500A184E3 /* TextManager.swift */; };
		22071C822181E75700A184E3 /* CustomDebugLayoutManager.swift in Sources */ = {isa = PBXBuildFile; fileRef = 22071C7E2181E75600A184E3 /* CustomDebugLayoutManager.swift */; };
		22071C832181E75700A184E3 /* TwoColumnContainer.swift in Sources */ = {isa = PBXBuildFile; fileRef = 22071C7F2181E75600A184E3 /* TwoColumnContainer.swift */; };
		22071C8521822E8F00A184E3 /* TwoColumnPositioningManager.swift in Sources */ = {isa = PBXBuildFile; fileRef = 22071C8421822E8F00A184E3 /* TwoColumnPositioningManager.swift */; };
		221A276021AD330D0098D31A /* HistoryViewController.swift in Sources */ = {isa = PBXBuildFile; fileRef = 221A275F21AD330D0098D31A /* HistoryViewController.swift */; };
		221A276221AD344C0098D31A /* History.swift in Sources */ = {isa = PBXBuildFile; fileRef = 221A276121AD344C0098D31A /* History.swift */; };
		22370BDF21A71EBA00C43E72 /* VerseManager.swift in Sources */ = {isa = PBXBuildFile; fileRef = 22370BDE21A71EBA00C43E72 /* VerseManager.swift */; };
		22370BE121A7235B00C43E72 /* VerseTextManager.swift in Sources */ = {isa = PBXBuildFile; fileRef = 22370BE021A7235B00C43E72 /* VerseTextManager.swift */; };
		22370BE321A731C800C43E72 /* CenterVersesViewController.swift in Sources */ = {isa = PBXBuildFile; fileRef = 22370BE221A731C800C43E72 /* CenterVersesViewController.swift */; };
		2239F70F21C7D0AC008715B5 /* MainTabBarController.swift in Sources */ = {isa = PBXBuildFile; fileRef = 2239F70E21C7D0AC008715B5 /* MainTabBarController.swift */; };
		2239F71121C7E271008715B5 /* DownloadCell.swift in Sources */ = {isa = PBXBuildFile; fileRef = 2239F71021C7E271008715B5 /* DownloadCell.swift */; };
		2239F71E21C7F3D5008715B5 /* Localization.strings in Resources */ = {isa = PBXBuildFile; fileRef = 2239F72021C7F3D5008715B5 /* Localization.strings */; };
		2248324521787C4C00DF5C95 /* AppDelegate.swift in Sources */ = {isa = PBXBuildFile; fileRef = 2248324421787C4C00DF5C95 /* AppDelegate.swift */; };
		2248324A21787C4C00DF5C95 /* Main.storyboard in Resources */ = {isa = PBXBuildFile; fileRef = 2248324821787C4C00DF5C95 /* Main.storyboard */; };
		2248324D21787C4C00DF5C95 /* SplitB.xcdatamodeld in Sources */ = {isa = PBXBuildFile; fileRef = 2248324B21787C4C00DF5C95 /* SplitB.xcdatamodeld */; };
		2248324F21787C4C00DF5C95 /* Assets.xcassets in Resources */ = {isa = PBXBuildFile; fileRef = 2248324E21787C4C00DF5C95 /* Assets.xcassets */; };
		2248325221787C4C00DF5C95 /* LaunchScreen.storyboard in Resources */ = {isa = PBXBuildFile; fileRef = 2248325021787C4C00DF5C95 /* LaunchScreen.storyboard */; };
		2248325D21787C4D00DF5C95 /* SplitBTests.swift in Sources */ = {isa = PBXBuildFile; fileRef = 2248325C21787C4D00DF5C95 /* SplitBTests.swift */; };
		2248326821787C4D00DF5C95 /* SplitBUITests.swift in Sources */ = {isa = PBXBuildFile; fileRef = 2248326721787C4D00DF5C95 /* SplitBUITests.swift */; };
		226259202182E8F60032ECE8 /* CustomTextView.swift in Sources */ = {isa = PBXBuildFile; fileRef = 2262591F2182E8F60032ECE8 /* CustomTextView.swift */; };
		226259232182FCAE0032ECE8 /* TextViewDelegate.swift in Sources */ = {isa = PBXBuildFile; fileRef = 226259222182FCAE0032ECE8 /* TextViewDelegate.swift */; };
		22BBED9221AAA8360096A258 /* VerseTextView.swift in Sources */ = {isa = PBXBuildFile; fileRef = 22BBED9121AAA8360096A258 /* VerseTextView.swift */; };
		22CE459D2180A27000183ED3 /* DownloadViewController.swift in Sources */ = {isa = PBXBuildFile; fileRef = 22CE459C2180A27000183ED3 /* DownloadViewController.swift */; };
		22CE45A12180A48C00183ED3 /* ModuleOffline.swift in Sources */ = {isa = PBXBuildFile; fileRef = 22CE45A02180A48C00183ED3 /* ModuleOffline.swift */; };
		22D568DD21861B0900F36B23 /* Extensions.swift in Sources */ = {isa = PBXBuildFile; fileRef = 22D568DC21861B0900F36B23 /* Extensions.swift */; };
		22D568DF2186EB2300F36B23 /* BookTableViewCell.swift in Sources */ = {isa = PBXBuildFile; fileRef = 22D568DE2186EB2300F36B23 /* BookTableViewCell.swift */; };
		22D568E12186EC6A00F36B23 /* NumberCollectionViewCell.swift in Sources */ = {isa = PBXBuildFile; fileRef = 22D568E02186EC6A00F36B23 /* NumberCollectionViewCell.swift */; };
		22D568E32186ED7700F36B23 /* BookTableViewCellDelegate.swift in Sources */ = {isa = PBXBuildFile; fileRef = 22D568E22186ED7700F36B23 /* BookTableViewCellDelegate.swift */; };
		22D568E5218738D900F36B23 /* ModalViewController.swift in Sources */ = {isa = PBXBuildFile; fileRef = 22D568E4218738D900F36B23 /* ModalViewController.swift */; };
		22D568E721873B4000F36B23 /* ModalDelegate.swift in Sources */ = {isa = PBXBuildFile; fileRef = 22D568E621873B4000F36B23 /* ModalDelegate.swift */; };
		22D568E9218850E800F36B23 /* PlistManager.swift in Sources */ = {isa = PBXBuildFile; fileRef = 22D568E8218850E800F36B23 /* PlistManager.swift */; };
		22D568EB218853A400F36B23 /* plistHandler.swift in Sources */ = {isa = PBXBuildFile; fileRef = 22D568EA218853A400F36B23 /* plistHandler.swift */; };
		22D568ED2188578600F36B23 /* UserSettings.plist in Resources */ = {isa = PBXBuildFile; fileRef = 22D568EC2188578600F36B23 /* UserSettings.plist */; };
		BB119F115D27C4115B5FB63D /* Pods_SplitBTests.framework in Frameworks */ = {isa = PBXBuildFile; fileRef = 41C62A3E7FF8C1155B79AFEA /* Pods_SplitBTests.framework */; };
		F4760ECCCC809A8F5E1E44BF /* Pods_SplitB.framework in Frameworks */ = {isa = PBXBuildFile; fileRef = 8432383041DD9E7007A4C1AF /* Pods_SplitB.framework */; };
/* End PBXBuildFile section */

/* Begin PBXContainerItemProxy section */
		2248325921787C4D00DF5C95 /* PBXContainerItemProxy */ = {
			isa = PBXContainerItemProxy;
			containerPortal = 2248323921787C4C00DF5C95 /* Project object */;
			proxyType = 1;
			remoteGlobalIDString = 2248324021787C4C00DF5C95;
			remoteInfo = SplitB;
		};
		2248326421787C4D00DF5C95 /* PBXContainerItemProxy */ = {
			isa = PBXContainerItemProxy;
			containerPortal = 2248323921787C4C00DF5C95 /* Project object */;
			proxyType = 1;
			remoteGlobalIDString = 2248324021787C4C00DF5C95;
			remoteInfo = SplitB;
		};
/* End PBXContainerItemProxy section */

/* Begin PBXFileReference section */
		1909A4F1A31A93531DDAB752 /* Pods-SplitB.debug.xcconfig */ = {isa = PBXFileReference; includeInIndex = 1; lastKnownFileType = text.xcconfig; name = "Pods-SplitB.debug.xcconfig"; path = "Pods/Target Support Files/Pods-SplitB/Pods-SplitB.debug.xcconfig"; sourceTree = "<group>"; };
		1DC6A78FAF2A24D3DEA7784B /* Pods-SplitBUITests.release.xcconfig */ = {isa = PBXFileReference; includeInIndex = 1; lastKnownFileType = text.xcconfig; name = "Pods-SplitBUITests.release.xcconfig"; path = "Pods/Target Support Files/Pods-SplitBUITests/Pods-SplitBUITests.release.xcconfig"; sourceTree = "<group>"; };
		22071C562181A70D00A184E3 /* Module.swift */ = {isa = PBXFileReference; lastKnownFileType = sourcecode.swift; path = Module.swift; sourceTree = "<group>"; };
		22071C582181A71A00A184E3 /* Book.swift */ = {isa = PBXFileReference; lastKnownFileType = sourcecode.swift; path = Book.swift; sourceTree = "<group>"; };
		22071C5A2181A72400A184E3 /* Chapter.swift */ = {isa = PBXFileReference; lastKnownFileType = sourcecode.swift; path = Chapter.swift; sourceTree = "<group>"; };
		22071C5C2181A72D00A184E3 /* Verse.swift */ = {isa = PBXFileReference; lastKnownFileType = sourcecode.swift; path = Verse.swift; sourceTree = "<group>"; };
		22071C5E2181AF2100A184E3 /* Manager.swift */ = {isa = PBXFileReference; lastKnownFileType = sourcecode.swift; path = Manager.swift; sourceTree = "<group>"; };
		22071C602181B8D900A184E3 /* DownloadManager.swift */ = {isa = PBXFileReference; lastKnownFileType = sourcecode.swift; path = DownloadManager.swift; sourceTree = "<group>"; };
		22071C722181E4CE00A184E3 /* ContainerViewController.swift */ = {isa = PBXFileReference; fileEncoding = 4; lastKnownFileType = sourcecode.swift; path = ContainerViewController.swift; sourceTree = "<group>"; };
		22071C732181E4CE00A184E3 /* SidePanelViewController.swift */ = {isa = PBXFileReference; fileEncoding = 4; lastKnownFileType = sourcecode.swift; path = SidePanelViewController.swift; sourceTree = "<group>"; };
		22071C742181E4CE00A184E3 /* CenterViewController.swift */ = {isa = PBXFileReference; fileEncoding = 4; lastKnownFileType = sourcecode.swift; path = CenterViewController.swift; sourceTree = "<group>"; };
		22071C752181E4CE00A184E3 /* CenterViewControllerDelegate.swift */ = {isa = PBXFileReference; fileEncoding = 4; lastKnownFileType = sourcecode.swift; path = CenterViewControllerDelegate.swift; sourceTree = "<group>"; };
		22071C762181E4CE00A184E3 /* SidePanelViewControllerDelegate.swift */ = {isa = PBXFileReference; fileEncoding = 4; lastKnownFileType = sourcecode.swift; path = SidePanelViewControllerDelegate.swift; sourceTree = "<group>"; };
		22071C7C2181E75500A184E3 /* LeftSelectionViewController.swift */ = {isa = PBXFileReference; fileEncoding = 4; lastKnownFileType = sourcecode.swift; path = LeftSelectionViewController.swift; sourceTree = "<group>"; };
		22071C7D2181E75500A184E3 /* TextManager.swift */ = {isa = PBXFileReference; fileEncoding = 4; lastKnownFileType = sourcecode.swift; path = TextManager.swift; sourceTree = "<group>"; };
		22071C7E2181E75600A184E3 /* CustomDebugLayoutManager.swift */ = {isa = PBXFileReference; fileEncoding = 4; lastKnownFileType = sourcecode.swift; path = CustomDebugLayoutManager.swift; sourceTree = "<group>"; };
		22071C7F2181E75600A184E3 /* TwoColumnContainer.swift */ = {isa = PBXFileReference; fileEncoding = 4; lastKnownFileType = sourcecode.swift; path = TwoColumnContainer.swift; sourceTree = "<group>"; };
		22071C8421822E8F00A184E3 /* TwoColumnPositioningManager.swift */ = {isa = PBXFileReference; lastKnownFileType = sourcecode.swift; path = TwoColumnPositioningManager.swift; sourceTree = "<group>"; };
		221A275F21AD330D0098D31A /* HistoryViewController.swift */ = {isa = PBXFileReference; lastKnownFileType = sourcecode.swift; path = HistoryViewController.swift; sourceTree = "<group>"; };
		221A276121AD344C0098D31A /* History.swift */ = {isa = PBXFileReference; lastKnownFileType = sourcecode.swift; path = History.swift; sourceTree = "<group>"; };
		22370BDE21A71EBA00C43E72 /* VerseManager.swift */ = {isa = PBXFileReference; lastKnownFileType = sourcecode.swift; path = VerseManager.swift; sourceTree = "<group>"; };
		22370BE021A7235B00C43E72 /* VerseTextManager.swift */ = {isa = PBXFileReference; lastKnownFileType = sourcecode.swift; path = VerseTextManager.swift; sourceTree = "<group>"; };
		22370BE221A731C800C43E72 /* CenterVersesViewController.swift */ = {isa = PBXFileReference; lastKnownFileType = sourcecode.swift; path = CenterVersesViewController.swift; sourceTree = "<group>"; };
		2239F70A21C7BEC1008715B5 /* ru */ = {isa = PBXFileReference; lastKnownFileType = text.plist.strings; name = ru; path = ru.lproj/Main.strings; sourceTree = "<group>"; };
		2239F70D21C7BF37008715B5 /* en */ = {isa = PBXFileReference; lastKnownFileType = text.plist.strings; name = en; path = en.lproj/Main.strings; sourceTree = "<group>"; };
		2239F70E21C7D0AC008715B5 /* MainTabBarController.swift */ = {isa = PBXFileReference; lastKnownFileType = sourcecode.swift; path = MainTabBarController.swift; sourceTree = "<group>"; };
		2239F71021C7E271008715B5 /* DownloadCell.swift */ = {isa = PBXFileReference; lastKnownFileType = sourcecode.swift; path = DownloadCell.swift; sourceTree = "<group>"; };
		2239F71721C7F23A008715B5 /* de */ = {isa = PBXFileReference; lastKnownFileType = text.plist.strings; name = de; path = de.lproj/Main.strings; sourceTree = "<group>"; };
		2239F71F21C7F3D5008715B5 /* en */ = {isa = PBXFileReference; lastKnownFileType = text.plist.strings; name = en; path = en.lproj/Localization.strings; sourceTree = "<group>"; };
		2239F72121C7F3D7008715B5 /* ru */ = {isa = PBXFileReference; lastKnownFileType = text.plist.strings; name = ru; path = ru.lproj/Localization.strings; sourceTree = "<group>"; };
		2239F72221C7F3D9008715B5 /* de */ = {isa = PBXFileReference; lastKnownFileType = text.plist.strings; name = de; path = de.lproj/Localization.strings; sourceTree = "<group>"; };
		2239F72321C7F4EC008715B5 /* ru */ = {isa = PBXFileReference; lastKnownFileType = file.storyboard; name = ru; path = ru.lproj/LaunchScreen.storyboard; sourceTree = "<group>"; };
		2239F72421C7F4EC008715B5 /* de */ = {isa = PBXFileReference; lastKnownFileType = file.storyboard; name = de; path = de.lproj/LaunchScreen.storyboard; sourceTree = "<group>"; };
		2248324121787C4C00DF5C95 /* SplitB.app */ = {isa = PBXFileReference; explicitFileType = wrapper.application; includeInIndex = 0; path = SplitB.app; sourceTree = BUILT_PRODUCTS_DIR; };
		2248324421787C4C00DF5C95 /* AppDelegate.swift */ = {isa = PBXFileReference; lastKnownFileType = sourcecode.swift; path = AppDelegate.swift; sourceTree = "<group>"; };
		2248324921787C4C00DF5C95 /* Base */ = {isa = PBXFileReference; lastKnownFileType = file.storyboard; name = Base; path = Base.lproj/Main.storyboard; sourceTree = "<group>"; };
		2248324C21787C4C00DF5C95 /* SplitB.xcdatamodel */ = {isa = PBXFileReference; lastKnownFileType = wrapper.xcdatamodel; path = SplitB.xcdatamodel; sourceTree = "<group>"; };
		2248324E21787C4C00DF5C95 /* Assets.xcassets */ = {isa = PBXFileReference; lastKnownFileType = folder.assetcatalog; path = Assets.xcassets; sourceTree = "<group>"; };
		2248325121787C4C00DF5C95 /* Base */ = {isa = PBXFileReference; lastKnownFileType = file.storyboard; name = Base; path = Base.lproj/LaunchScreen.storyboard; sourceTree = "<group>"; };
		2248325321787C4C00DF5C95 /* Info.plist */ = {isa = PBXFileReference; lastKnownFileType = text.plist.xml; path = Info.plist; sourceTree = "<group>"; };
		2248325821787C4D00DF5C95 /* SplitBTests.xctest */ = {isa = PBXFileReference; explicitFileType = wrapper.cfbundle; includeInIndex = 0; path = SplitBTests.xctest; sourceTree = BUILT_PRODUCTS_DIR; };
		2248325C21787C4D00DF5C95 /* SplitBTests.swift */ = {isa = PBXFileReference; lastKnownFileType = sourcecode.swift; path = SplitBTests.swift; sourceTree = "<group>"; };
		2248325E21787C4D00DF5C95 /* Info.plist */ = {isa = PBXFileReference; lastKnownFileType = text.plist.xml; path = Info.plist; sourceTree = "<group>"; };
		2248326321787C4D00DF5C95 /* SplitBUITests.xctest */ = {isa = PBXFileReference; explicitFileType = wrapper.cfbundle; includeInIndex = 0; path = SplitBUITests.xctest; sourceTree = BUILT_PRODUCTS_DIR; };
		2248326721787C4D00DF5C95 /* SplitBUITests.swift */ = {isa = PBXFileReference; lastKnownFileType = sourcecode.swift; path = SplitBUITests.swift; sourceTree = "<group>"; };
		2248326921787C4D00DF5C95 /* Info.plist */ = {isa = PBXFileReference; lastKnownFileType = text.plist.xml; path = Info.plist; sourceTree = "<group>"; };
		2262591F2182E8F60032ECE8 /* CustomTextView.swift */ = {isa = PBXFileReference; lastKnownFileType = sourcecode.swift; path = CustomTextView.swift; sourceTree = "<group>"; };
		226259222182FCAE0032ECE8 /* TextViewDelegate.swift */ = {isa = PBXFileReference; lastKnownFileType = sourcecode.swift; path = TextViewDelegate.swift; sourceTree = "<group>"; };
		22BBED9121AAA8360096A258 /* VerseTextView.swift */ = {isa = PBXFileReference; lastKnownFileType = sourcecode.swift; path = VerseTextView.swift; sourceTree = "<group>"; };
		22CE459C2180A27000183ED3 /* DownloadViewController.swift */ = {isa = PBXFileReference; lastKnownFileType = sourcecode.swift; path = DownloadViewController.swift; sourceTree = "<group>"; };
		22CE45A02180A48C00183ED3 /* ModuleOffline.swift */ = {isa = PBXFileReference; lastKnownFileType = sourcecode.swift; path = ModuleOffline.swift; sourceTree = "<group>"; };
		22D568DC21861B0900F36B23 /* Extensions.swift */ = {isa = PBXFileReference; lastKnownFileType = sourcecode.swift; path = Extensions.swift; sourceTree = "<group>"; };
		22D568DE2186EB2300F36B23 /* BookTableViewCell.swift */ = {isa = PBXFileReference; lastKnownFileType = sourcecode.swift; path = BookTableViewCell.swift; sourceTree = "<group>"; };
		22D568E02186EC6A00F36B23 /* NumberCollectionViewCell.swift */ = {isa = PBXFileReference; lastKnownFileType = sourcecode.swift; path = NumberCollectionViewCell.swift; sourceTree = "<group>"; };
		22D568E22186ED7700F36B23 /* BookTableViewCellDelegate.swift */ = {isa = PBXFileReference; lastKnownFileType = sourcecode.swift; path = BookTableViewCellDelegate.swift; sourceTree = "<group>"; };
		22D568E4218738D900F36B23 /* ModalViewController.swift */ = {isa = PBXFileReference; lastKnownFileType = sourcecode.swift; path = ModalViewController.swift; sourceTree = "<group>"; };
		22D568E621873B4000F36B23 /* ModalDelegate.swift */ = {isa = PBXFileReference; lastKnownFileType = sourcecode.swift; path = ModalDelegate.swift; sourceTree = "<group>"; };
		22D568E8218850E800F36B23 /* PlistManager.swift */ = {isa = PBXFileReference; lastKnownFileType = sourcecode.swift; path = PlistManager.swift; sourceTree = "<group>"; };
		22D568EA218853A400F36B23 /* plistHandler.swift */ = {isa = PBXFileReference; fileEncoding = 4; lastKnownFileType = sourcecode.swift; path = plistHandler.swift; sourceTree = "<group>"; };
		22D568EC2188578600F36B23 /* UserSettings.plist */ = {isa = PBXFileReference; lastKnownFileType = text.plist.xml; path = UserSettings.plist; sourceTree = "<group>"; };
		3630E8197AAACD31ADD746DA /* Pods-SplitBTests.debug.xcconfig */ = {isa = PBXFileReference; includeInIndex = 1; lastKnownFileType = text.xcconfig; name = "Pods-SplitBTests.debug.xcconfig"; path = "Pods/Target Support Files/Pods-SplitBTests/Pods-SplitBTests.debug.xcconfig"; sourceTree = "<group>"; };
		41C62A3E7FF8C1155B79AFEA /* Pods_SplitBTests.framework */ = {isa = PBXFileReference; explicitFileType = wrapper.framework; includeInIndex = 0; path = Pods_SplitBTests.framework; sourceTree = BUILT_PRODUCTS_DIR; };
		6C79D1EAAB263F2EA2C78E46 /* Pods-SplitB.release.xcconfig */ = {isa = PBXFileReference; includeInIndex = 1; lastKnownFileType = text.xcconfig; name = "Pods-SplitB.release.xcconfig"; path = "Pods/Target Support Files/Pods-SplitB/Pods-SplitB.release.xcconfig"; sourceTree = "<group>"; };
		8432383041DD9E7007A4C1AF /* Pods_SplitB.framework */ = {isa = PBXFileReference; explicitFileType = wrapper.framework; includeInIndex = 0; path = Pods_SplitB.framework; sourceTree = BUILT_PRODUCTS_DIR; };
		CB4CB496B6D6F067DD78D224 /* Pods-SplitBUITests.debug.xcconfig */ = {isa = PBXFileReference; includeInIndex = 1; lastKnownFileType = text.xcconfig; name = "Pods-SplitBUITests.debug.xcconfig"; path = "Pods/Target Support Files/Pods-SplitBUITests/Pods-SplitBUITests.debug.xcconfig"; sourceTree = "<group>"; };
		E4954A5A846C81C6EF75F1DC /* Pods_SplitBUITests.framework */ = {isa = PBXFileReference; explicitFileType = wrapper.framework; includeInIndex = 0; path = Pods_SplitBUITests.framework; sourceTree = BUILT_PRODUCTS_DIR; };
		F0A6B6AE3B1328429DC5EF98 /* Pods-SplitBTests.release.xcconfig */ = {isa = PBXFileReference; includeInIndex = 1; lastKnownFileType = text.xcconfig; name = "Pods-SplitBTests.release.xcconfig"; path = "Pods/Target Support Files/Pods-SplitBTests/Pods-SplitBTests.release.xcconfig"; sourceTree = "<group>"; };
/* End PBXFileReference section */

/* Begin PBXFrameworksBuildPhase section */
		2248323E21787C4C00DF5C95 /* Frameworks */ = {
			isa = PBXFrameworksBuildPhase;
			buildActionMask = 2147483647;
			files = (
				F4760ECCCC809A8F5E1E44BF /* Pods_SplitB.framework in Frameworks */,
			);
			runOnlyForDeploymentPostprocessing = 0;
		};
		2248325521787C4D00DF5C95 /* Frameworks */ = {
			isa = PBXFrameworksBuildPhase;
			buildActionMask = 2147483647;
			files = (
				BB119F115D27C4115B5FB63D /* Pods_SplitBTests.framework in Frameworks */,
			);
			runOnlyForDeploymentPostprocessing = 0;
		};
		2248326021787C4D00DF5C95 /* Frameworks */ = {
			isa = PBXFrameworksBuildPhase;
			buildActionMask = 2147483647;
			files = (
				041302F82A3B973A245187B9 /* Pods_SplitBUITests.framework in Frameworks */,
			);
			runOnlyForDeploymentPostprocessing = 0;
		};
/* End PBXFrameworksBuildPhase section */

/* Begin PBXGroup section */
		22071C552181A6E800A184E3 /* Core Data */ = {
			isa = PBXGroup;
			children = (
				22071C562181A70D00A184E3 /* Module.swift */,
				22071C582181A71A00A184E3 /* Book.swift */,
				22071C5A2181A72400A184E3 /* Chapter.swift */,
				22071C5C2181A72D00A184E3 /* Verse.swift */,
				221A276121AD344C0098D31A /* History.swift */,
				22071C5E2181AF2100A184E3 /* Manager.swift */,
				22370BDE21A71EBA00C43E72 /* VerseManager.swift */,
				22071C602181B8D900A184E3 /* DownloadManager.swift */,
				22D568E8218850E800F36B23 /* PlistManager.swift */,
				22D568EA218853A400F36B23 /* plistHandler.swift */,
			);
			path = "Core Data";
			sourceTree = "<group>";
		};
		2248323821787C4C00DF5C95 = {
			isa = PBXGroup;
			children = (
				2248324321787C4C00DF5C95 /* SplitB */,
				2248325B21787C4D00DF5C95 /* SplitBTests */,
				2248326621787C4D00DF5C95 /* SplitBUITests */,
				2248324221787C4C00DF5C95 /* Products */,
				491F852DEA1C0E6B11880F88 /* Pods */,
				5C04C46A3D4F3851CB65BF82 /* Frameworks */,
			);
			sourceTree = "<group>";
		};
		2248324221787C4C00DF5C95 /* Products */ = {
			isa = PBXGroup;
			children = (
				2248324121787C4C00DF5C95 /* SplitB.app */,
				2248325821787C4D00DF5C95 /* SplitBTests.xctest */,
				2248326321787C4D00DF5C95 /* SplitBUITests.xctest */,
			);
			name = Products;
			sourceTree = "<group>";
		};
		2248324321787C4C00DF5C95 /* SplitB */ = {
			isa = PBXGroup;
			children = (
				22D568DB21861AE900F36B23 /* Views */,
				2248324821787C4C00DF5C95 /* Main.storyboard */,
				226259212182FC910032ECE8 /* Protocols */,
				22CE459E2180A27600183ED3 /* VC */,
				22CE459F2180A46900183ED3 /* Model */,
				22071C552181A6E800A184E3 /* Core Data */,
				22CE459B2180A21A00183ED3 /* Supporting Files */,
				2248325321787C4C00DF5C95 /* Info.plist */,
				2248324B21787C4C00DF5C95 /* SplitB.xcdatamodeld */,
				22D568DC21861B0900F36B23 /* Extensions.swift */,
				22D568EC2188578600F36B23 /* UserSettings.plist */,
				2239F72021C7F3D5008715B5 /* Localization.strings */,
			);
			path = SplitB;
			sourceTree = "<group>";
		};
		2248325B21787C4D00DF5C95 /* SplitBTests */ = {
			isa = PBXGroup;
			children = (
				2248325C21787C4D00DF5C95 /* SplitBTests.swift */,
				2248325E21787C4D00DF5C95 /* Info.plist */,
			);
			path = SplitBTests;
			sourceTree = "<group>";
		};
		2248326621787C4D00DF5C95 /* SplitBUITests */ = {
			isa = PBXGroup;
			children = (
				2248326721787C4D00DF5C95 /* SplitBUITests.swift */,
				2248326921787C4D00DF5C95 /* Info.plist */,
			);
			path = SplitBUITests;
			sourceTree = "<group>";
		};
		226259212182FC910032ECE8 /* Protocols */ = {
			isa = PBXGroup;
			children = (
				22071C752181E4CE00A184E3 /* CenterViewControllerDelegate.swift */,
				22071C762181E4CE00A184E3 /* SidePanelViewControllerDelegate.swift */,
				226259222182FCAE0032ECE8 /* TextViewDelegate.swift */,
				22D568E22186ED7700F36B23 /* BookTableViewCellDelegate.swift */,
				22D568E621873B4000F36B23 /* ModalDelegate.swift */,
			);
			path = Protocols;
			sourceTree = "<group>";
		};
		22CE459B2180A21A00183ED3 /* Supporting Files */ = {
			isa = PBXGroup;
			children = (
				2248324421787C4C00DF5C95 /* AppDelegate.swift */,
				2248324E21787C4C00DF5C95 /* Assets.xcassets */,
				2248325021787C4C00DF5C95 /* LaunchScreen.storyboard */,
			);
			path = "Supporting Files";
			sourceTree = "<group>";
		};
		22CE459E2180A27600183ED3 /* VC */ = {
			isa = PBXGroup;
			children = (
				22370BE221A731C800C43E72 /* CenterVersesViewController.swift */,
				22071C742181E4CE00A184E3 /* CenterViewController.swift */,
				22071C722181E4CE00A184E3 /* ContainerViewController.swift */,
				22071C7C2181E75500A184E3 /* LeftSelectionViewController.swift */,
				22071C732181E4CE00A184E3 /* SidePanelViewController.swift */,
				22CE459C2180A27000183ED3 /* DownloadViewController.swift */,
				22D568E4218738D900F36B23 /* ModalViewController.swift */,
				221A275F21AD330D0098D31A /* HistoryViewController.swift */,
				2239F70E21C7D0AC008715B5 /* MainTabBarController.swift */,
			);
			path = VC;
			sourceTree = "<group>";
		};
		22CE459F2180A46900183ED3 /* Model */ = {
			isa = PBXGroup;
			children = (
				22CE45A02180A48C00183ED3 /* ModuleOffline.swift */,
				22071C7D2181E75500A184E3 /* TextManager.swift */,
				22370BE021A7235B00C43E72 /* VerseTextManager.swift */,
				22071C7F2181E75600A184E3 /* TwoColumnContainer.swift */,
				22071C8421822E8F00A184E3 /* TwoColumnPositioningManager.swift */,
				22071C7E2181E75600A184E3 /* CustomDebugLayoutManager.swift */,
			);
			path = Model;
			sourceTree = "<group>";
		};
		22D568DB21861AE900F36B23 /* Views */ = {
			isa = PBXGroup;
			children = (
				22BBED9121AAA8360096A258 /* VerseTextView.swift */,
				2262591F2182E8F60032ECE8 /* CustomTextView.swift */,
				22D568DE2186EB2300F36B23 /* BookTableViewCell.swift */,
				22D568E02186EC6A00F36B23 /* NumberCollectionViewCell.swift */,
				2239F71021C7E271008715B5 /* DownloadCell.swift */,
			);
			path = Views;
			sourceTree = "<group>";
		};
		491F852DEA1C0E6B11880F88 /* Pods */ = {
			isa = PBXGroup;
			children = (
				1909A4F1A31A93531DDAB752 /* Pods-SplitB.debug.xcconfig */,
				6C79D1EAAB263F2EA2C78E46 /* Pods-SplitB.release.xcconfig */,
				3630E8197AAACD31ADD746DA /* Pods-SplitBTests.debug.xcconfig */,
				F0A6B6AE3B1328429DC5EF98 /* Pods-SplitBTests.release.xcconfig */,
				CB4CB496B6D6F067DD78D224 /* Pods-SplitBUITests.debug.xcconfig */,
				1DC6A78FAF2A24D3DEA7784B /* Pods-SplitBUITests.release.xcconfig */,
			);
			name = Pods;
			sourceTree = "<group>";
		};
		5C04C46A3D4F3851CB65BF82 /* Frameworks */ = {
			isa = PBXGroup;
			children = (
				8432383041DD9E7007A4C1AF /* Pods_SplitB.framework */,
				41C62A3E7FF8C1155B79AFEA /* Pods_SplitBTests.framework */,
				E4954A5A846C81C6EF75F1DC /* Pods_SplitBUITests.framework */,
			);
			name = Frameworks;
			sourceTree = "<group>";
		};
/* End PBXGroup section */

/* Begin PBXNativeTarget section */
		2248324021787C4C00DF5C95 /* SplitB */ = {
			isa = PBXNativeTarget;
			buildConfigurationList = 2248326C21787C4D00DF5C95 /* Build configuration list for PBXNativeTarget "SplitB" */;
			buildPhases = (
				1AB751345C70F69781B18CF0 /* [CP] Check Pods Manifest.lock */,
				2248323D21787C4C00DF5C95 /* Sources */,
				2248323E21787C4C00DF5C95 /* Frameworks */,
				2248323F21787C4C00DF5C95 /* Resources */,
				AF376557E5E1499DBC1BACE4 /* [CP] Embed Pods Frameworks */,
			);
			buildRules = (
			);
			dependencies = (
			);
			name = SplitB;
			productName = SplitB;
			productReference = 2248324121787C4C00DF5C95 /* SplitB.app */;
			productType = "com.apple.product-type.application";
		};
		2248325721787C4D00DF5C95 /* SplitBTests */ = {
			isa = PBXNativeTarget;
			buildConfigurationList = 2248326F21787C4D00DF5C95 /* Build configuration list for PBXNativeTarget "SplitBTests" */;
			buildPhases = (
				BB86DF3C924451C9E0C18A6C /* [CP] Check Pods Manifest.lock */,
				2248325421787C4D00DF5C95 /* Sources */,
				2248325521787C4D00DF5C95 /* Frameworks */,
				2248325621787C4D00DF5C95 /* Resources */,
			);
			buildRules = (
			);
			dependencies = (
				2248325A21787C4D00DF5C95 /* PBXTargetDependency */,
			);
			name = SplitBTests;
			productName = SplitBTests;
			productReference = 2248325821787C4D00DF5C95 /* SplitBTests.xctest */;
			productType = "com.apple.product-type.bundle.unit-test";
		};
		2248326221787C4D00DF5C95 /* SplitBUITests */ = {
			isa = PBXNativeTarget;
			buildConfigurationList = 2248327221787C4D00DF5C95 /* Build configuration list for PBXNativeTarget "SplitBUITests" */;
			buildPhases = (
				8E4C720831836B0FA0B643B8 /* [CP] Check Pods Manifest.lock */,
				2248325F21787C4D00DF5C95 /* Sources */,
				2248326021787C4D00DF5C95 /* Frameworks */,
				2248326121787C4D00DF5C95 /* Resources */,
			);
			buildRules = (
			);
			dependencies = (
				2248326521787C4D00DF5C95 /* PBXTargetDependency */,
			);
			name = SplitBUITests;
			productName = SplitBUITests;
			productReference = 2248326321787C4D00DF5C95 /* SplitBUITests.xctest */;
			productType = "com.apple.product-type.bundle.ui-testing";
		};
/* End PBXNativeTarget section */

/* Begin PBXProject section */
		2248323921787C4C00DF5C95 /* Project object */ = {
			isa = PBXProject;
			attributes = {
				LastSwiftUpdateCheck = 1000;
				LastUpgradeCheck = 1000;
				ORGANIZATIONNAME = "Denis Dobanda";
				TargetAttributes = {
					2248324021787C4C00DF5C95 = {
						CreatedOnToolsVersion = 10.0;
					};
					2248325721787C4D00DF5C95 = {
						CreatedOnToolsVersion = 10.0;
						TestTargetID = 2248324021787C4C00DF5C95;
					};
					2248326221787C4D00DF5C95 = {
						CreatedOnToolsVersion = 10.0;
						TestTargetID = 2248324021787C4C00DF5C95;
					};
				};
			};
			buildConfigurationList = 2248323C21787C4C00DF5C95 /* Build configuration list for PBXProject "SplitB" */;
			compatibilityVersion = "Xcode 9.3";
			developmentRegion = en;
			hasScannedForEncodings = 0;
			knownRegions = (
				en,
				Base,
				ru,
				de,
			);
			mainGroup = 2248323821787C4C00DF5C95;
			productRefGroup = 2248324221787C4C00DF5C95 /* Products */;
			projectDirPath = "";
			projectRoot = "";
			targets = (
				2248324021787C4C00DF5C95 /* SplitB */,
				2248325721787C4D00DF5C95 /* SplitBTests */,
				2248326221787C4D00DF5C95 /* SplitBUITests */,
			);
		};
/* End PBXProject section */

/* Begin PBXResourcesBuildPhase section */
		2248323F21787C4C00DF5C95 /* Resources */ = {
			isa = PBXResourcesBuildPhase;
			buildActionMask = 2147483647;
			files = (
				22D568ED2188578600F36B23 /* UserSettings.plist in Resources */,
				2248325221787C4C00DF5C95 /* LaunchScreen.storyboard in Resources */,
				2239F71E21C7F3D5008715B5 /* Localization.strings in Resources */,
				2248324F21787C4C00DF5C95 /* Assets.xcassets in Resources */,
				2248324A21787C4C00DF5C95 /* Main.storyboard in Resources */,
			);
			runOnlyForDeploymentPostprocessing = 0;
		};
		2248325621787C4D00DF5C95 /* Resources */ = {
			isa = PBXResourcesBuildPhase;
			buildActionMask = 2147483647;
			files = (
			);
			runOnlyForDeploymentPostprocessing = 0;
		};
		2248326121787C4D00DF5C95 /* Resources */ = {
			isa = PBXResourcesBuildPhase;
			buildActionMask = 2147483647;
			files = (
			);
			runOnlyForDeploymentPostprocessing = 0;
		};
/* End PBXResourcesBuildPhase section */

/* Begin PBXShellScriptBuildPhase section */
		1AB751345C70F69781B18CF0 /* [CP] Check Pods Manifest.lock */ = {
			isa = PBXShellScriptBuildPhase;
			buildActionMask = 2147483647;
			files = (
			);
			inputFileListPaths = (
			);
			inputPaths = (
				"${PODS_PODFILE_DIR_PATH}/Podfile.lock",
				"${PODS_ROOT}/Manifest.lock",
			);
			name = "[CP] Check Pods Manifest.lock";
			outputFileListPaths = (
			);
			outputPaths = (
				"$(DERIVED_FILE_DIR)/Pods-SplitB-checkManifestLockResult.txt",
			);
			runOnlyForDeploymentPostprocessing = 0;
			shellPath = /bin/sh;
			shellScript = "diff \"${PODS_PODFILE_DIR_PATH}/Podfile.lock\" \"${PODS_ROOT}/Manifest.lock\" > /dev/null\nif [ $? != 0 ] ; then\n    # print error to STDERR\n    echo \"error: The sandbox is not in sync with the Podfile.lock. Run 'pod install' or update your CocoaPods installation.\" >&2\n    exit 1\nfi\n# This output is used by Xcode 'outputs' to avoid re-running this script phase.\necho \"SUCCESS\" > \"${SCRIPT_OUTPUT_FILE_0}\"\n";
			showEnvVarsInLog = 0;
		};
		8E4C720831836B0FA0B643B8 /* [CP] Check Pods Manifest.lock */ = {
			isa = PBXShellScriptBuildPhase;
			buildActionMask = 2147483647;
			files = (
			);
			inputFileListPaths = (
			);
			inputPaths = (
				"${PODS_PODFILE_DIR_PATH}/Podfile.lock",
				"${PODS_ROOT}/Manifest.lock",
			);
			name = "[CP] Check Pods Manifest.lock";
			outputFileListPaths = (
			);
			outputPaths = (
				"$(DERIVED_FILE_DIR)/Pods-SplitBUITests-checkManifestLockResult.txt",
			);
			runOnlyForDeploymentPostprocessing = 0;
			shellPath = /bin/sh;
			shellScript = "diff \"${PODS_PODFILE_DIR_PATH}/Podfile.lock\" \"${PODS_ROOT}/Manifest.lock\" > /dev/null\nif [ $? != 0 ] ; then\n    # print error to STDERR\n    echo \"error: The sandbox is not in sync with the Podfile.lock. Run 'pod install' or update your CocoaPods installation.\" >&2\n    exit 1\nfi\n# This output is used by Xcode 'outputs' to avoid re-running this script phase.\necho \"SUCCESS\" > \"${SCRIPT_OUTPUT_FILE_0}\"\n";
			showEnvVarsInLog = 0;
		};
		AF376557E5E1499DBC1BACE4 /* [CP] Embed Pods Frameworks */ = {
			isa = PBXShellScriptBuildPhase;
			buildActionMask = 2147483647;
			files = (
			);
			inputFileListPaths = (
			);
			inputPaths = (
				"${SRCROOT}/Pods/Target Support Files/Pods-SplitB/Pods-SplitB-frameworks.sh",
				"${BUILT_PRODUCTS_DIR}/SearchTextField/SearchTextField.framework",
			);
			name = "[CP] Embed Pods Frameworks";
			outputFileListPaths = (
			);
			outputPaths = (
				"${TARGET_BUILD_DIR}/${FRAMEWORKS_FOLDER_PATH}/SearchTextField.framework",
			);
			runOnlyForDeploymentPostprocessing = 0;
			shellPath = /bin/sh;
			shellScript = "\"${SRCROOT}/Pods/Target Support Files/Pods-SplitB/Pods-SplitB-frameworks.sh\"\n";
			showEnvVarsInLog = 0;
		};
		BB86DF3C924451C9E0C18A6C /* [CP] Check Pods Manifest.lock */ = {
			isa = PBXShellScriptBuildPhase;
			buildActionMask = 2147483647;
			files = (
			);
			inputFileListPaths = (
			);
			inputPaths = (
				"${PODS_PODFILE_DIR_PATH}/Podfile.lock",
				"${PODS_ROOT}/Manifest.lock",
			);
			name = "[CP] Check Pods Manifest.lock";
			outputFileListPaths = (
			);
			outputPaths = (
				"$(DERIVED_FILE_DIR)/Pods-SplitBTests-checkManifestLockResult.txt",
			);
			runOnlyForDeploymentPostprocessing = 0;
			shellPath = /bin/sh;
			shellScript = "diff \"${PODS_PODFILE_DIR_PATH}/Podfile.lock\" \"${PODS_ROOT}/Manifest.lock\" > /dev/null\nif [ $? != 0 ] ; then\n    # print error to STDERR\n    echo \"error: The sandbox is not in sync with the Podfile.lock. Run 'pod install' or update your CocoaPods installation.\" >&2\n    exit 1\nfi\n# This output is used by Xcode 'outputs' to avoid re-running this script phase.\necho \"SUCCESS\" > \"${SCRIPT_OUTPUT_FILE_0}\"\n";
			showEnvVarsInLog = 0;
		};
/* End PBXShellScriptBuildPhase section */

/* Begin PBXSourcesBuildPhase section */
		2248323D21787C4C00DF5C95 /* Sources */ = {
			isa = PBXSourcesBuildPhase;
			buildActionMask = 2147483647;
			files = (
				22D568E12186EC6A00F36B23 /* NumberCollectionViewCell.swift in Sources */,
				22BBED9221AAA8360096A258 /* VerseTextView.swift in Sources */,
				22D568DD21861B0900F36B23 /* Extensions.swift in Sources */,
				22071C7A2181E4CE00A184E3 /* CenterViewControllerDelegate.swift in Sources */,
				22071C792181E4CE00A184E3 /* CenterViewController.swift in Sources */,
				22071C782181E4CE00A184E3 /* SidePanelViewController.swift in Sources */,
				22D568E32186ED7700F36B23 /* BookTableViewCellDelegate.swift in Sources */,
				22D568E721873B4000F36B23 /* ModalDelegate.swift in Sources */,
				22071C7B2181E4CE00A184E3 /* SidePanelViewControllerDelegate.swift in Sources */,
				22071C832181E75700A184E3 /* TwoColumnContainer.swift in Sources */,
				2248324D21787C4C00DF5C95 /* SplitB.xcdatamodeld in Sources */,
				22370BE321A731C800C43E72 /* CenterVersesViewController.swift in Sources */,
				22071C612181B8D900A184E3 /* DownloadManager.swift in Sources */,
				22D568E9218850E800F36B23 /* PlistManager.swift in Sources */,
				22CE45A12180A48C00183ED3 /* ModuleOffline.swift in Sources */,
				22071C772181E4CE00A184E3 /* ContainerViewController.swift in Sources */,
				22071C592181A71A00A184E3 /* Book.swift in Sources */,
				22071C8521822E8F00A184E3 /* TwoColumnPositioningManager.swift in Sources */,
				226259202182E8F60032ECE8 /* CustomTextView.swift in Sources */,
				2239F70F21C7D0AC008715B5 /* MainTabBarController.swift in Sources */,
				22071C5D2181A72D00A184E3 /* Verse.swift in Sources */,
				22370BDF21A71EBA00C43E72 /* VerseManager.swift in Sources */,
				22071C812181E75700A184E3 /* TextManager.swift in Sources */,
				22D568EB218853A400F36B23 /* plistHandler.swift in Sources */,
				22CE459D2180A27000183ED3 /* DownloadViewController.swift in Sources */,
				22370BE121A7235B00C43E72 /* VerseTextManager.swift in Sources */,
				22D568DF2186EB2300F36B23 /* BookTableViewCell.swift in Sources */,
				2239F71121C7E271008715B5 /* DownloadCell.swift in Sources */,
				22071C572181A70D00A184E3 /* Module.swift in Sources */,
				2248324521787C4C00DF5C95 /* AppDelegate.swift in Sources */,
				22071C5F2181AF2100A184E3 /* Manager.swift in Sources */,
				226259232182FCAE0032ECE8 /* TextViewDelegate.swift in Sources */,
				221A276221AD344C0098D31A /* History.swift in Sources */,
				22071C802181E75700A184E3 /* LeftSelectionViewController.swift in Sources */,
				22071C822181E75700A184E3 /* CustomDebugLayoutManager.swift in Sources */,
				22D568E5218738D900F36B23 /* ModalViewController.swift in Sources */,
				221A276021AD330D0098D31A /* HistoryViewController.swift in Sources */,
				22071C5B2181A72400A184E3 /* Chapter.swift in Sources */,
			);
			runOnlyForDeploymentPostprocessing = 0;
		};
		2248325421787C4D00DF5C95 /* Sources */ = {
			isa = PBXSourcesBuildPhase;
			buildActionMask = 2147483647;
			files = (
				2248325D21787C4D00DF5C95 /* SplitBTests.swift in Sources */,
			);
			runOnlyForDeploymentPostprocessing = 0;
		};
		2248325F21787C4D00DF5C95 /* Sources */ = {
			isa = PBXSourcesBuildPhase;
			buildActionMask = 2147483647;
			files = (
				2248326821787C4D00DF5C95 /* SplitBUITests.swift in Sources */,
			);
			runOnlyForDeploymentPostprocessing = 0;
		};
/* End PBXSourcesBuildPhase section */

/* Begin PBXTargetDependency section */
		2248325A21787C4D00DF5C95 /* PBXTargetDependency */ = {
			isa = PBXTargetDependency;
			target = 2248324021787C4C00DF5C95 /* SplitB */;
			targetProxy = 2248325921787C4D00DF5C95 /* PBXContainerItemProxy */;
		};
		2248326521787C4D00DF5C95 /* PBXTargetDependency */ = {
			isa = PBXTargetDependency;
			target = 2248324021787C4C00DF5C95 /* SplitB */;
			targetProxy = 2248326421787C4D00DF5C95 /* PBXContainerItemProxy */;
		};
/* End PBXTargetDependency section */

/* Begin PBXVariantGroup section */
		2239F72021C7F3D5008715B5 /* Localization.strings */ = {
			isa = PBXVariantGroup;
			children = (
				2239F71F21C7F3D5008715B5 /* en */,
				2239F72121C7F3D7008715B5 /* ru */,
				2239F72221C7F3D9008715B5 /* de */,
			);
			name = Localization.strings;
			sourceTree = "<group>";
		};
		2248324821787C4C00DF5C95 /* Main.storyboard */ = {
			isa = PBXVariantGroup;
			children = (
				2248324921787C4C00DF5C95 /* Base */,
				2239F70A21C7BEC1008715B5 /* ru */,
				2239F70D21C7BF37008715B5 /* en */,
				2239F71721C7F23A008715B5 /* de */,
			);
			name = Main.storyboard;
			sourceTree = "<group>";
		};
		2248325021787C4C00DF5C95 /* LaunchScreen.storyboard */ = {
			isa = PBXVariantGroup;
			children = (
				2248325121787C4C00DF5C95 /* Base */,
				2239F72321C7F4EC008715B5 /* ru */,
				2239F72421C7F4EC008715B5 /* de */,
			);
			name = LaunchScreen.storyboard;
			sourceTree = "<group>";
		};
/* End PBXVariantGroup section */

/* Begin XCBuildConfiguration section */
		2248326A21787C4D00DF5C95 /* Debug */ = {
			isa = XCBuildConfiguration;
			buildSettings = {
				ALWAYS_SEARCH_USER_PATHS = NO;
				CLANG_ANALYZER_LOCALIZABILITY_NONLOCALIZED = YES;
				CLANG_ANALYZER_NONNULL = YES;
				CLANG_ANALYZER_NUMBER_OBJECT_CONVERSION = YES_AGGRESSIVE;
				CLANG_CXX_LANGUAGE_STANDARD = "gnu++14";
				CLANG_CXX_LIBRARY = "libc++";
				CLANG_ENABLE_MODULES = YES;
				CLANG_ENABLE_OBJC_ARC = YES;
				CLANG_ENABLE_OBJC_WEAK = YES;
				CLANG_WARN_BLOCK_CAPTURE_AUTORELEASING = YES;
				CLANG_WARN_BOOL_CONVERSION = YES;
				CLANG_WARN_COMMA = YES;
				CLANG_WARN_CONSTANT_CONVERSION = YES;
				CLANG_WARN_DEPRECATED_OBJC_IMPLEMENTATIONS = YES;
				CLANG_WARN_DIRECT_OBJC_ISA_USAGE = YES_ERROR;
				CLANG_WARN_DOCUMENTATION_COMMENTS = YES;
				CLANG_WARN_EMPTY_BODY = YES;
				CLANG_WARN_ENUM_CONVERSION = YES;
				CLANG_WARN_INFINITE_RECURSION = YES;
				CLANG_WARN_INT_CONVERSION = YES;
				CLANG_WARN_NON_LITERAL_NULL_CONVERSION = YES;
				CLANG_WARN_OBJC_IMPLICIT_RETAIN_SELF = YES;
				CLANG_WARN_OBJC_LITERAL_CONVERSION = YES;
				CLANG_WARN_OBJC_ROOT_CLASS = YES_ERROR;
				CLANG_WARN_RANGE_LOOP_ANALYSIS = YES;
				CLANG_WARN_STRICT_PROTOTYPES = YES;
				CLANG_WARN_SUSPICIOUS_MOVE = YES;
				CLANG_WARN_UNGUARDED_AVAILABILITY = YES_AGGRESSIVE;
				CLANG_WARN_UNREACHABLE_CODE = YES;
				CLANG_WARN__DUPLICATE_METHOD_MATCH = YES;
				CODE_SIGN_IDENTITY = "iPhone Developer";
				COPY_PHASE_STRIP = NO;
				DEBUG_INFORMATION_FORMAT = dwarf;
				ENABLE_STRICT_OBJC_MSGSEND = YES;
				ENABLE_TESTABILITY = YES;
				GCC_C_LANGUAGE_STANDARD = gnu11;
				GCC_DYNAMIC_NO_PIC = NO;
				GCC_NO_COMMON_BLOCKS = YES;
				GCC_OPTIMIZATION_LEVEL = 0;
				GCC_PREPROCESSOR_DEFINITIONS = (
					"DEBUG=1",
					"$(inherited)",
				);
				GCC_WARN_64_TO_32_BIT_CONVERSION = YES;
				GCC_WARN_ABOUT_RETURN_TYPE = YES_ERROR;
				GCC_WARN_UNDECLARED_SELECTOR = YES;
				GCC_WARN_UNINITIALIZED_AUTOS = YES_AGGRESSIVE;
				GCC_WARN_UNUSED_FUNCTION = YES;
				GCC_WARN_UNUSED_VARIABLE = YES;
				IPHONEOS_DEPLOYMENT_TARGET = 12.0;
				MTL_ENABLE_DEBUG_INFO = INCLUDE_SOURCE;
				MTL_FAST_MATH = YES;
				ONLY_ACTIVE_ARCH = YES;
				SDKROOT = iphoneos;
				SWIFT_ACTIVE_COMPILATION_CONDITIONS = DEBUG;
				SWIFT_OPTIMIZATION_LEVEL = "-Onone";
			};
			name = Debug;
		};
		2248326B21787C4D00DF5C95 /* Release */ = {
			isa = XCBuildConfiguration;
			buildSettings = {
				ALWAYS_SEARCH_USER_PATHS = NO;
				CLANG_ANALYZER_LOCALIZABILITY_NONLOCALIZED = YES;
				CLANG_ANALYZER_NONNULL = YES;
				CLANG_ANALYZER_NUMBER_OBJECT_CONVERSION = YES_AGGRESSIVE;
				CLANG_CXX_LANGUAGE_STANDARD = "gnu++14";
				CLANG_CXX_LIBRARY = "libc++";
				CLANG_ENABLE_MODULES = YES;
				CLANG_ENABLE_OBJC_ARC = YES;
				CLANG_ENABLE_OBJC_WEAK = YES;
				CLANG_WARN_BLOCK_CAPTURE_AUTORELEASING = YES;
				CLANG_WARN_BOOL_CONVERSION = YES;
				CLANG_WARN_COMMA = YES;
				CLANG_WARN_CONSTANT_CONVERSION = YES;
				CLANG_WARN_DEPRECATED_OBJC_IMPLEMENTATIONS = YES;
				CLANG_WARN_DIRECT_OBJC_ISA_USAGE = YES_ERROR;
				CLANG_WARN_DOCUMENTATION_COMMENTS = YES;
				CLANG_WARN_EMPTY_BODY = YES;
				CLANG_WARN_ENUM_CONVERSION = YES;
				CLANG_WARN_INFINITE_RECURSION = YES;
				CLANG_WARN_INT_CONVERSION = YES;
				CLANG_WARN_NON_LITERAL_NULL_CONVERSION = YES;
				CLANG_WARN_OBJC_IMPLICIT_RETAIN_SELF = YES;
				CLANG_WARN_OBJC_LITERAL_CONVERSION = YES;
				CLANG_WARN_OBJC_ROOT_CLASS = YES_ERROR;
				CLANG_WARN_RANGE_LOOP_ANALYSIS = YES;
				CLANG_WARN_STRICT_PROTOTYPES = YES;
				CLANG_WARN_SUSPICIOUS_MOVE = YES;
				CLANG_WARN_UNGUARDED_AVAILABILITY = YES_AGGRESSIVE;
				CLANG_WARN_UNREACHABLE_CODE = YES;
				CLANG_WARN__DUPLICATE_METHOD_MATCH = YES;
				CODE_SIGN_IDENTITY = "iPhone Developer";
				COPY_PHASE_STRIP = NO;
				DEBUG_INFORMATION_FORMAT = "dwarf-with-dsym";
				ENABLE_NS_ASSERTIONS = NO;
				ENABLE_STRICT_OBJC_MSGSEND = YES;
				GCC_C_LANGUAGE_STANDARD = gnu11;
				GCC_NO_COMMON_BLOCKS = YES;
				GCC_WARN_64_TO_32_BIT_CONVERSION = YES;
				GCC_WARN_ABOUT_RETURN_TYPE = YES_ERROR;
				GCC_WARN_UNDECLARED_SELECTOR = YES;
				GCC_WARN_UNINITIALIZED_AUTOS = YES_AGGRESSIVE;
				GCC_WARN_UNUSED_FUNCTION = YES;
				GCC_WARN_UNUSED_VARIABLE = YES;
				IPHONEOS_DEPLOYMENT_TARGET = 12.0;
				MTL_ENABLE_DEBUG_INFO = NO;
				MTL_FAST_MATH = YES;
				SDKROOT = iphoneos;
				SWIFT_COMPILATION_MODE = wholemodule;
				SWIFT_OPTIMIZATION_LEVEL = "-O";
				VALIDATE_PRODUCT = YES;
			};
			name = Release;
		};
		2248326D21787C4D00DF5C95 /* Debug */ = {
			isa = XCBuildConfiguration;
			baseConfigurationReference = 1909A4F1A31A93531DDAB752 /* Pods-SplitB.debug.xcconfig */;
			buildSettings = {
				ASSETCATALOG_COMPILER_APPICON_NAME = AppIcon;
				CODE_SIGN_STYLE = Automatic;
				DEVELOPMENT_TEAM = 6V7ANKZCL9;
				INFOPLIST_FILE = SplitB/Info.plist;
				LD_RUNPATH_SEARCH_PATHS = (
					"$(inherited)",
					"@executable_path/Frameworks",
				);
				PRODUCT_BUNDLE_IDENTIFIER = com.theDeniZ.SplitB;
				PRODUCT_NAME = "$(TARGET_NAME)";
				SWIFT_VERSION = 4.2;
				TARGETED_DEVICE_FAMILY = "1,2";
			};
			name = Debug;
		};
		2248326E21787C4D00DF5C95 /* Release */ = {
			isa = XCBuildConfiguration;
			baseConfigurationReference = 6C79D1EAAB263F2EA2C78E46 /* Pods-SplitB.release.xcconfig */;
			buildSettings = {
				ASSETCATALOG_COMPILER_APPICON_NAME = AppIcon;
				CODE_SIGN_STYLE = Automatic;
				DEVELOPMENT_TEAM = 6V7ANKZCL9;
				INFOPLIST_FILE = SplitB/Info.plist;
				LD_RUNPATH_SEARCH_PATHS = (
					"$(inherited)",
					"@executable_path/Frameworks",
				);
				PRODUCT_BUNDLE_IDENTIFIER = com.theDeniZ.SplitB;
				PRODUCT_NAME = "$(TARGET_NAME)";
				SWIFT_VERSION = 4.2;
				TARGETED_DEVICE_FAMILY = "1,2";
			};
			name = Release;
		};
		2248327021787C4D00DF5C95 /* Debug */ = {
			isa = XCBuildConfiguration;
			baseConfigurationReference = 3630E8197AAACD31ADD746DA /* Pods-SplitBTests.debug.xcconfig */;
			buildSettings = {
				ALWAYS_EMBED_SWIFT_STANDARD_LIBRARIES = YES;
				BUNDLE_LOADER = "$(TEST_HOST)";
				CODE_SIGN_STYLE = Automatic;
				DEVELOPMENT_TEAM = 6V7ANKZCL9;
				INFOPLIST_FILE = SplitBTests/Info.plist;
				LD_RUNPATH_SEARCH_PATHS = (
					"$(inherited)",
					"@executable_path/Frameworks",
					"@loader_path/Frameworks",
				);
				PRODUCT_BUNDLE_IDENTIFIER = com.theDeniZ.SplitBTests;
				PRODUCT_NAME = "$(TARGET_NAME)";
				SWIFT_VERSION = 4.2;
				TARGETED_DEVICE_FAMILY = "1,2";
				TEST_HOST = "$(BUILT_PRODUCTS_DIR)/SplitB.app/SplitB";
			};
			name = Debug;
		};
		2248327121787C4D00DF5C95 /* Release */ = {
			isa = XCBuildConfiguration;
			baseConfigurationReference = F0A6B6AE3B1328429DC5EF98 /* Pods-SplitBTests.release.xcconfig */;
			buildSettings = {
				ALWAYS_EMBED_SWIFT_STANDARD_LIBRARIES = YES;
				BUNDLE_LOADER = "$(TEST_HOST)";
				CODE_SIGN_STYLE = Automatic;
				DEVELOPMENT_TEAM = 6V7ANKZCL9;
				INFOPLIST_FILE = SplitBTests/Info.plist;
				LD_RUNPATH_SEARCH_PATHS = (
					"$(inherited)",
					"@executable_path/Frameworks",
					"@loader_path/Frameworks",
				);
				PRODUCT_BUNDLE_IDENTIFIER = com.theDeniZ.SplitBTests;
				PRODUCT_NAME = "$(TARGET_NAME)";
				SWIFT_VERSION = 4.2;
				TARGETED_DEVICE_FAMILY = "1,2";
				TEST_HOST = "$(BUILT_PRODUCTS_DIR)/SplitB.app/SplitB";
			};
			name = Release;
		};
		2248327321787C4D00DF5C95 /* Debug */ = {
			isa = XCBuildConfiguration;
			baseConfigurationReference = CB4CB496B6D6F067DD78D224 /* Pods-SplitBUITests.debug.xcconfig */;
			buildSettings = {
				ALWAYS_EMBED_SWIFT_STANDARD_LIBRARIES = YES;
				CODE_SIGN_STYLE = Automatic;
				DEVELOPMENT_TEAM = 6V7ANKZCL9;
				INFOPLIST_FILE = SplitBUITests/Info.plist;
				LD_RUNPATH_SEARCH_PATHS = (
					"$(inherited)",
					"@executable_path/Frameworks",
					"@loader_path/Frameworks",
				);
				PRODUCT_BUNDLE_IDENTIFIER = com.theDeniZ.SplitBUITests;
				PRODUCT_NAME = "$(TARGET_NAME)";
				SWIFT_VERSION = 4.2;
				TARGETED_DEVICE_FAMILY = "1,2";
				TEST_TARGET_NAME = SplitB;
			};
			name = Debug;
		};
		2248327421787C4D00DF5C95 /* Release */ = {
			isa = XCBuildConfiguration;
			baseConfigurationReference = 1DC6A78FAF2A24D3DEA7784B /* Pods-SplitBUITests.release.xcconfig */;
			buildSettings = {
				ALWAYS_EMBED_SWIFT_STANDARD_LIBRARIES = YES;
				CODE_SIGN_STYLE = Automatic;
				DEVELOPMENT_TEAM = 6V7ANKZCL9;
				INFOPLIST_FILE = SplitBUITests/Info.plist;
				LD_RUNPATH_SEARCH_PATHS = (
					"$(inherited)",
					"@executable_path/Frameworks",
					"@loader_path/Frameworks",
				);
				PRODUCT_BUNDLE_IDENTIFIER = com.theDeniZ.SplitBUITests;
				PRODUCT_NAME = "$(TARGET_NAME)";
				SWIFT_VERSION = 4.2;
				TARGETED_DEVICE_FAMILY = "1,2";
				TEST_TARGET_NAME = SplitB;
			};
			name = Release;
		};
/* End XCBuildConfiguration section */

/* Begin XCConfigurationList section */
		2248323C21787C4C00DF5C95 /* Build configuration list for PBXProject "SplitB" */ = {
			isa = XCConfigurationList;
			buildConfigurations = (
				2248326A21787C4D00DF5C95 /* Debug */,
				2248326B21787C4D00DF5C95 /* Release */,
			);
			defaultConfigurationIsVisible = 0;
			defaultConfigurationName = Release;
		};
		2248326C21787C4D00DF5C95 /* Build configuration list for PBXNativeTarget "SplitB" */ = {
			isa = XCConfigurationList;
			buildConfigurations = (
				2248326D21787C4D00DF5C95 /* Debug */,
				2248326E21787C4D00DF5C95 /* Release */,
			);
			defaultConfigurationIsVisible = 0;
			defaultConfigurationName = Release;
		};
		2248326F21787C4D00DF5C95 /* Build configuration list for PBXNativeTarget "SplitBTests" */ = {
			isa = XCConfigurationList;
			buildConfigurations = (
				2248327021787C4D00DF5C95 /* Debug */,
				2248327121787C4D00DF5C95 /* Release */,
			);
			defaultConfigurationIsVisible = 0;
			defaultConfigurationName = Release;
		};
		2248327221787C4D00DF5C95 /* Build configuration list for PBXNativeTarget "SplitBUITests" */ = {
			isa = XCConfigurationList;
			buildConfigurations = (
				2248327321787C4D00DF5C95 /* Debug */,
				2248327421787C4D00DF5C95 /* Release */,
			);
			defaultConfigurationIsVisible = 0;
			defaultConfigurationName = Release;
		};
/* End XCConfigurationList section */

/* Begin XCVersionGroup section */
		2248324B21787C4C00DF5C95 /* SplitB.xcdatamodeld */ = {
			isa = XCVersionGroup;
			children = (
				2248324C21787C4C00DF5C95 /* SplitB.xcdatamodel */,
			);
			currentVersion = 2248324C21787C4C00DF5C95 /* SplitB.xcdatamodel */;
			path = SplitB.xcdatamodeld;
			sourceTree = "<group>";
			versionGroupType = wrapper.xcdatamodel;
		};
/* End XCVersionGroup section */
	};
	rootObject = 2248323921787C4C00DF5C95 /* Project object */;
}
